// !$*UTF8*$!
{
	archiveVersion = 1;
	classes = {
	};
	objectVersion = 52;
	objects = {

/* Begin PBXBuildFile section */
		371C2C6B24898F6500BC04CB /* AppDelegate.swift in Sources */ = {isa = PBXBuildFile; fileRef = 371C2C6A24898F6500BC04CB /* AppDelegate.swift */; };
		371C2C6D24898F6500BC04CB /* SceneDelegate.swift in Sources */ = {isa = PBXBuildFile; fileRef = 371C2C6C24898F6500BC04CB /* SceneDelegate.swift */; };
		371C2C6F24898F6500BC04CB /* ViewController.swift in Sources */ = {isa = PBXBuildFile; fileRef = 371C2C6E24898F6500BC04CB /* ViewController.swift */; };
		371C2C7224898F6500BC04CB /* Main.storyboard in Resources */ = {isa = PBXBuildFile; fileRef = 371C2C7024898F6500BC04CB /* Main.storyboard */; };
		371C2C7424898F6700BC04CB /* Assets.xcassets in Resources */ = {isa = PBXBuildFile; fileRef = 371C2C7324898F6700BC04CB /* Assets.xcassets */; };
		371C2C7724898F6700BC04CB /* LaunchScreen.storyboard in Resources */ = {isa = PBXBuildFile; fileRef = 371C2C7524898F6700BC04CB /* LaunchScreen.storyboard */; };
		371C2C8224898F6700BC04CB /* iosTests.swift in Sources */ = {isa = PBXBuildFile; fileRef = 371C2C8124898F6700BC04CB /* iosTests.swift */; };
		371C2C8D24898F6700BC04CB /* iosUITests.swift in Sources */ = {isa = PBXBuildFile; fileRef = 371C2C8C24898F6700BC04CB /* iosUITests.swift */; };
		371C2C9C2489942D00BC04CB /* shared.framework in Frameworks */ = {isa = PBXBuildFile; fileRef = 371C2C9B2489942D00BC04CB /* shared.framework */; };
		371C2C9D2489942D00BC04CB /* shared.framework in Embed Frameworks */ = {isa = PBXBuildFile; fileRef = 371C2C9B2489942D00BC04CB /* shared.framework */; settings = {ATTRIBUTES = (CodeSignOnCopy, RemoveHeadersOnCopy, ); }; };
		37EC695224CED34C005AFB10 /* MovieItem.swift in Sources */ = {isa = PBXBuildFile; fileRef = 37EC695124CED34C005AFB10 /* MovieItem.swift */; };
		37EC695524CEF684005AFB10 /* Nuke in Frameworks */ = {isa = PBXBuildFile; productRef = 37EC695424CEF684005AFB10 /* Nuke */; };
/* End PBXBuildFile section */

/* Begin PBXContainerItemProxy section */
		371C2C7E24898F6700BC04CB /* PBXContainerItemProxy */ = {
			isa = PBXContainerItemProxy;
			containerPortal = 371C2C5F24898F6500BC04CB /* Project object */;
			proxyType = 1;
			remoteGlobalIDString = 371C2C6624898F6500BC04CB;
			remoteInfo = ios;
		};
		371C2C8924898F6700BC04CB /* PBXContainerItemProxy */ = {
			isa = PBXContainerItemProxy;
			containerPortal = 371C2C5F24898F6500BC04CB /* Project object */;
			proxyType = 1;
			remoteGlobalIDString = 371C2C6624898F6500BC04CB;
			remoteInfo = ios;
		};
/* End PBXContainerItemProxy section */

/* Begin PBXCopyFilesBuildPhase section */
		371C2C9E2489942D00BC04CB /* Embed Frameworks */ = {
			isa = PBXCopyFilesBuildPhase;
			buildActionMask = 2147483647;
			dstPath = "";
			dstSubfolderSpec = 10;
			files = (
				371C2C9D2489942D00BC04CB /* shared.framework in Embed Frameworks */,
			);
			name = "Embed Frameworks";
			runOnlyForDeploymentPostprocessing = 0;
		};
/* End PBXCopyFilesBuildPhase section */

/* Begin PBXFileReference section */
		371C2C6724898F6500BC04CB /* ios.app */ = {isa = PBXFileReference; explicitFileType = wrapper.application; includeInIndex = 0; path = ios.app; sourceTree = BUILT_PRODUCTS_DIR; };
		371C2C6A24898F6500BC04CB /* AppDelegate.swift */ = {isa = PBXFileReference; lastKnownFileType = sourcecode.swift; path = AppDelegate.swift; sourceTree = "<group>"; };
		371C2C6C24898F6500BC04CB /* SceneDelegate.swift */ = {isa = PBXFileReference; lastKnownFileType = sourcecode.swift; path = SceneDelegate.swift; sourceTree = "<group>"; };
		371C2C6E24898F6500BC04CB /* ViewController.swift */ = {isa = PBXFileReference; lastKnownFileType = sourcecode.swift; path = ViewController.swift; sourceTree = "<group>"; };
		371C2C7124898F6500BC04CB /* Base */ = {isa = PBXFileReference; lastKnownFileType = file.storyboard; name = Base; path = Base.lproj/Main.storyboard; sourceTree = "<group>"; };
		371C2C7324898F6700BC04CB /* Assets.xcassets */ = {isa = PBXFileReference; lastKnownFileType = folder.assetcatalog; path = Assets.xcassets; sourceTree = "<group>"; };
		371C2C7624898F6700BC04CB /* Base */ = {isa = PBXFileReference; lastKnownFileType = file.storyboard; name = Base; path = Base.lproj/LaunchScreen.storyboard; sourceTree = "<group>"; };
		371C2C7824898F6700BC04CB /* Info.plist */ = {isa = PBXFileReference; lastKnownFileType = text.plist.xml; path = Info.plist; sourceTree = "<group>"; };
		371C2C7D24898F6700BC04CB /* iosTests.xctest */ = {isa = PBXFileReference; explicitFileType = wrapper.cfbundle; includeInIndex = 0; path = iosTests.xctest; sourceTree = BUILT_PRODUCTS_DIR; };
		371C2C8124898F6700BC04CB /* iosTests.swift */ = {isa = PBXFileReference; lastKnownFileType = sourcecode.swift; path = iosTests.swift; sourceTree = "<group>"; };
		371C2C8324898F6700BC04CB /* Info.plist */ = {isa = PBXFileReference; lastKnownFileType = text.plist.xml; path = Info.plist; sourceTree = "<group>"; };
		371C2C8824898F6700BC04CB /* iosUITests.xctest */ = {isa = PBXFileReference; explicitFileType = wrapper.cfbundle; includeInIndex = 0; path = iosUITests.xctest; sourceTree = BUILT_PRODUCTS_DIR; };
		371C2C8C24898F6700BC04CB /* iosUITests.swift */ = {isa = PBXFileReference; lastKnownFileType = sourcecode.swift; path = iosUITests.swift; sourceTree = "<group>"; };
		371C2C8E24898F6700BC04CB /* Info.plist */ = {isa = PBXFileReference; lastKnownFileType = text.plist.xml; path = Info.plist; sourceTree = "<group>"; };
		371C2C9B2489942D00BC04CB /* shared.framework */ = {isa = PBXFileReference; lastKnownFileType = wrapper.framework; name = shared.framework; path = "../shared/build/xcode-frameworks/shared.framework"; sourceTree = "<group>"; };
		37EC695124CED34C005AFB10 /* MovieItem.swift */ = {isa = PBXFileReference; lastKnownFileType = sourcecode.swift; path = MovieItem.swift; sourceTree = "<group>"; };
/* End PBXFileReference section */

/* Begin PBXFrameworksBuildPhase section */
		371C2C6424898F6500BC04CB /* Frameworks */ = {
			isa = PBXFrameworksBuildPhase;
			buildActionMask = 2147483647;
			files = (
				371C2C9C2489942D00BC04CB /* shared.framework in Frameworks */,
				37EC695524CEF684005AFB10 /* Nuke in Frameworks */,
			);
			runOnlyForDeploymentPostprocessing = 0;
		};
		371C2C7A24898F6700BC04CB /* Frameworks */ = {
			isa = PBXFrameworksBuildPhase;
			buildActionMask = 2147483647;
			files = (
			);
			runOnlyForDeploymentPostprocessing = 0;
		};
		371C2C8524898F6700BC04CB /* Frameworks */ = {
			isa = PBXFrameworksBuildPhase;
			buildActionMask = 2147483647;
			files = (
			);
			runOnlyForDeploymentPostprocessing = 0;
		};
/* End PBXFrameworksBuildPhase section */

/* Begin PBXGroup section */
		371C2C5E24898F6500BC04CB = {
			isa = PBXGroup;
			children = (
				371C2C6924898F6500BC04CB /* ios */,
				371C2C8024898F6700BC04CB /* iosTests */,
				371C2C8B24898F6700BC04CB /* iosUITests */,
				371C2C6824898F6500BC04CB /* Products */,
				371C2C9A2489942D00BC04CB /* Frameworks */,
			);
			sourceTree = "<group>";
		};
		371C2C6824898F6500BC04CB /* Products */ = {
			isa = PBXGroup;
			children = (
				371C2C6724898F6500BC04CB /* ios.app */,
				371C2C7D24898F6700BC04CB /* iosTests.xctest */,
				371C2C8824898F6700BC04CB /* iosUITests.xctest */,
			);
			name = Products;
			sourceTree = "<group>";
		};
		371C2C6924898F6500BC04CB /* ios */ = {
			isa = PBXGroup;
			children = (
				371C2C6A24898F6500BC04CB /* AppDelegate.swift */,
				371C2C6C24898F6500BC04CB /* SceneDelegate.swift */,
				371C2C6E24898F6500BC04CB /* ViewController.swift */,
				371C2C7024898F6500BC04CB /* Main.storyboard */,
				371C2C7324898F6700BC04CB /* Assets.xcassets */,
				371C2C7524898F6700BC04CB /* LaunchScreen.storyboard */,
				371C2C7824898F6700BC04CB /* Info.plist */,
				37EC695124CED34C005AFB10 /* MovieItem.swift */,
			);
			path = ios;
			sourceTree = "<group>";
		};
		371C2C8024898F6700BC04CB /* iosTests */ = {
			isa = PBXGroup;
			children = (
				371C2C8124898F6700BC04CB /* iosTests.swift */,
				371C2C8324898F6700BC04CB /* Info.plist */,
			);
			path = iosTests;
			sourceTree = "<group>";
		};
		371C2C8B24898F6700BC04CB /* iosUITests */ = {
			isa = PBXGroup;
			children = (
				371C2C8C24898F6700BC04CB /* iosUITests.swift */,
				371C2C8E24898F6700BC04CB /* Info.plist */,
			);
			path = iosUITests;
			sourceTree = "<group>";
		};
		371C2C9A2489942D00BC04CB /* Frameworks */ = {
			isa = PBXGroup;
			children = (
				371C2C9B2489942D00BC04CB /* shared.framework */,
			);
			name = Frameworks;
			sourceTree = "<group>";
		};
/* End PBXGroup section */

/* Begin PBXNativeTarget section */
		371C2C6624898F6500BC04CB /* ios */ = {
			isa = PBXNativeTarget;
			buildConfigurationList = 371C2C9124898F6700BC04CB /* Build configuration list for PBXNativeTarget "ios" */;
			buildPhases = (
				371C2C9F2489954A00BC04CB /* ShellScript */,
				371C2C6324898F6500BC04CB /* Sources */,
				371C2C6424898F6500BC04CB /* Frameworks */,
				371C2C6524898F6500BC04CB /* Resources */,
				371C2C9E2489942D00BC04CB /* Embed Frameworks */,
			);
			buildRules = (
			);
			dependencies = (
			);
			name = ios;
			packageProductDependencies = (
				37EC695424CEF684005AFB10 /* Nuke */,
			);
			productName = ios;
			productReference = 371C2C6724898F6500BC04CB /* ios.app */;
			productType = "com.apple.product-type.application";
		};
		371C2C7C24898F6700BC04CB /* iosTests */ = {
			isa = PBXNativeTarget;
			buildConfigurationList = 371C2C9424898F6700BC04CB /* Build configuration list for PBXNativeTarget "iosTests" */;
			buildPhases = (
				371C2C7924898F6700BC04CB /* Sources */,
				371C2C7A24898F6700BC04CB /* Frameworks */,
				371C2C7B24898F6700BC04CB /* Resources */,
			);
			buildRules = (
			);
			dependencies = (
				371C2C7F24898F6700BC04CB /* PBXTargetDependency */,
			);
			name = iosTests;
			productName = iosTests;
			productReference = 371C2C7D24898F6700BC04CB /* iosTests.xctest */;
			productType = "com.apple.product-type.bundle.unit-test";
		};
		371C2C8724898F6700BC04CB /* iosUITests */ = {
			isa = PBXNativeTarget;
			buildConfigurationList = 371C2C9724898F6700BC04CB /* Build configuration list for PBXNativeTarget "iosUITests" */;
			buildPhases = (
				371C2C8424898F6700BC04CB /* Sources */,
				371C2C8524898F6700BC04CB /* Frameworks */,
				371C2C8624898F6700BC04CB /* Resources */,
			);
			buildRules = (
			);
			dependencies = (
				371C2C8A24898F6700BC04CB /* PBXTargetDependency */,
			);
			name = iosUITests;
			productName = iosUITests;
			productReference = 371C2C8824898F6700BC04CB /* iosUITests.xctest */;
			productType = "com.apple.product-type.bundle.ui-testing";
		};
/* End PBXNativeTarget section */

/* Begin PBXProject section */
		371C2C5F24898F6500BC04CB /* Project object */ = {
			isa = PBXProject;
			attributes = {
				LastSwiftUpdateCheck = 1150;
				LastUpgradeCheck = 1150;
				ORGANIZATIONNAME = "Hossein Abbasi";
				TargetAttributes = {
					371C2C6624898F6500BC04CB = {
						CreatedOnToolsVersion = 11.5;
					};
					371C2C7C24898F6700BC04CB = {
						CreatedOnToolsVersion = 11.5;
						TestTargetID = 371C2C6624898F6500BC04CB;
					};
					371C2C8724898F6700BC04CB = {
						CreatedOnToolsVersion = 11.5;
						TestTargetID = 371C2C6624898F6500BC04CB;
					};
				};
			};
			buildConfigurationList = 371C2C6224898F6500BC04CB /* Build configuration list for PBXProject "ios" */;
			compatibilityVersion = "Xcode 9.3";
			developmentRegion = en;
			hasScannedForEncodings = 0;
			knownRegions = (
				en,
				Base,
			);
			mainGroup = 371C2C5E24898F6500BC04CB;
			packageReferences = (
				37EC695324CEF684005AFB10 /* XCRemoteSwiftPackageReference "Nuke" */,
			);
			productRefGroup = 371C2C6824898F6500BC04CB /* Products */;
			projectDirPath = "";
			projectRoot = "";
			targets = (
				371C2C6624898F6500BC04CB /* ios */,
				371C2C7C24898F6700BC04CB /* iosTests */,
				371C2C8724898F6700BC04CB /* iosUITests */,
			);
		};
/* End PBXProject section */

/* Begin PBXResourcesBuildPhase section */
		371C2C6524898F6500BC04CB /* Resources */ = {
			isa = PBXResourcesBuildPhase;
			buildActionMask = 2147483647;
			files = (
				371C2C7724898F6700BC04CB /* LaunchScreen.storyboard in Resources */,
				371C2C7424898F6700BC04CB /* Assets.xcassets in Resources */,
				371C2C7224898F6500BC04CB /* Main.storyboard in Resources */,
			);
			runOnlyForDeploymentPostprocessing = 0;
		};
		371C2C7B24898F6700BC04CB /* Resources */ = {
			isa = PBXResourcesBuildPhase;
			buildActionMask = 2147483647;
			files = (
			);
			runOnlyForDeploymentPostprocessing = 0;
		};
		371C2C8624898F6700BC04CB /* Resources */ = {
			isa = PBXResourcesBuildPhase;
			buildActionMask = 2147483647;
			files = (
			);
			runOnlyForDeploymentPostprocessing = 0;
		};
/* End PBXResourcesBuildPhase section */

/* Begin PBXShellScriptBuildPhase section */
		371C2C9F2489954A00BC04CB /* ShellScript */ = {
			isa = PBXShellScriptBuildPhase;
			buildActionMask = 2147483647;
			files = (
			);
			inputFileListPaths = (
			);
			inputPaths = (
			);
			outputFileListPaths = (
			);
			outputPaths = (
			);
			runOnlyForDeploymentPostprocessing = 0;
			shellPath = /bin/sh;
			shellScript = "# Type a script or drag a script file from your workspace to insert its path.\ncd \"$SRCROOT/../shared/build/xcode-frameworks\"\n./gradlew :shared:packForXCode -PXCODE_CONFIGURATION=${CONFIGURATION}\n";
		};
/* End PBXShellScriptBuildPhase section */

/* Begin PBXSourcesBuildPhase section */
		371C2C6324898F6500BC04CB /* Sources */ = {
			isa = PBXSourcesBuildPhase;
			buildActionMask = 2147483647;
			files = (
				371C2C6F24898F6500BC04CB /* ViewController.swift in Sources */,
				371C2C6B24898F6500BC04CB /* AppDelegate.swift in Sources */,
				37EC695224CED34C005AFB10 /* MovieItem.swift in Sources */,
				371C2C6D24898F6500BC04CB /* SceneDelegate.swift in Sources */,
			);
			runOnlyForDeploymentPostprocessing = 0;
		};
		371C2C7924898F6700BC04CB /* Sources */ = {
			isa = PBXSourcesBuildPhase;
			buildActionMask = 2147483647;
			files = (
				371C2C8224898F6700BC04CB /* iosTests.swift in Sources */,
			);
			runOnlyForDeploymentPostprocessing = 0;
		};
		371C2C8424898F6700BC04CB /* Sources */ = {
			isa = PBXSourcesBuildPhase;
			buildActionMask = 2147483647;
			files = (
				371C2C8D24898F6700BC04CB /* iosUITests.swift in Sources */,
			);
			runOnlyForDeploymentPostprocessing = 0;
		};
/* End PBXSourcesBuildPhase section */

/* Begin PBXTargetDependency section */
		371C2C7F24898F6700BC04CB /* PBXTargetDependency */ = {
			isa = PBXTargetDependency;
			target = 371C2C6624898F6500BC04CB /* ios */;
			targetProxy = 371C2C7E24898F6700BC04CB /* PBXContainerItemProxy */;
		};
		371C2C8A24898F6700BC04CB /* PBXTargetDependency */ = {
			isa = PBXTargetDependency;
			target = 371C2C6624898F6500BC04CB /* ios */;
			targetProxy = 371C2C8924898F6700BC04CB /* PBXContainerItemProxy */;
		};
/* End PBXTargetDependency section */

/* Begin PBXVariantGroup section */
		371C2C7024898F6500BC04CB /* Main.storyboard */ = {
			isa = PBXVariantGroup;
			children = (
				371C2C7124898F6500BC04CB /* Base */,
			);
			name = Main.storyboard;
			sourceTree = "<group>";
		};
		371C2C7524898F6700BC04CB /* LaunchScreen.storyboard */ = {
			isa = PBXVariantGroup;
			children = (
				371C2C7624898F6700BC04CB /* Base */,
			);
			name = LaunchScreen.storyboard;
			sourceTree = "<group>";
		};
/* End PBXVariantGroup section */

/* Begin XCBuildConfiguration section */
		371C2C8F24898F6700BC04CB /* Debug */ = {
			isa = XCBuildConfiguration;
			buildSettings = {
				ALWAYS_SEARCH_USER_PATHS = NO;
				CLANG_ANALYZER_NONNULL = YES;
				CLANG_ANALYZER_NUMBER_OBJECT_CONVERSION = YES_AGGRESSIVE;
				CLANG_CXX_LANGUAGE_STANDARD = "gnu++14";
				CLANG_CXX_LIBRARY = "libc++";
				CLANG_ENABLE_MODULES = YES;
				CLANG_ENABLE_OBJC_ARC = YES;
				CLANG_ENABLE_OBJC_WEAK = YES;
				CLANG_WARN_BLOCK_CAPTURE_AUTORELEASING = YES;
				CLANG_WARN_BOOL_CONVERSION = YES;
				CLANG_WARN_COMMA = YES;
				CLANG_WARN_CONSTANT_CONVERSION = YES;
				CLANG_WARN_DEPRECATED_OBJC_IMPLEMENTATIONS = YES;
				CLANG_WARN_DIRECT_OBJC_ISA_USAGE = YES_ERROR;
				CLANG_WARN_DOCUMENTATION_COMMENTS = YES;
				CLANG_WARN_EMPTY_BODY = YES;
				CLANG_WARN_ENUM_CONVERSION = YES;
				CLANG_WARN_INFINITE_RECURSION = YES;
				CLANG_WARN_INT_CONVERSION = YES;
				CLANG_WARN_NON_LITERAL_NULL_CONVERSION = YES;
				CLANG_WARN_OBJC_IMPLICIT_RETAIN_SELF = YES;
				CLANG_WARN_OBJC_LITERAL_CONVERSION = YES;
				CLANG_WARN_OBJC_ROOT_CLASS = YES_ERROR;
				CLANG_WARN_RANGE_LOOP_ANALYSIS = YES;
				CLANG_WARN_STRICT_PROTOTYPES = YES;
				CLANG_WARN_SUSPICIOUS_MOVE = YES;
				CLANG_WARN_UNGUARDED_AVAILABILITY = YES_AGGRESSIVE;
				CLANG_WARN_UNREACHABLE_CODE = YES;
				CLANG_WARN__DUPLICATE_METHOD_MATCH = YES;
				COPY_PHASE_STRIP = NO;
				DEBUG_INFORMATION_FORMAT = dwarf;
				ENABLE_STRICT_OBJC_MSGSEND = YES;
				ENABLE_TESTABILITY = YES;
				GCC_C_LANGUAGE_STANDARD = gnu11;
				GCC_DYNAMIC_NO_PIC = NO;
				GCC_NO_COMMON_BLOCKS = YES;
				GCC_OPTIMIZATION_LEVEL = 0;
				GCC_PREPROCESSOR_DEFINITIONS = (
					"DEBUG=1",
					"$(inherited)",
				);
				GCC_WARN_64_TO_32_BIT_CONVERSION = YES;
				GCC_WARN_ABOUT_RETURN_TYPE = YES_ERROR;
				GCC_WARN_UNDECLARED_SELECTOR = YES;
				GCC_WARN_UNINITIALIZED_AUTOS = YES_AGGRESSIVE;
				GCC_WARN_UNUSED_FUNCTION = YES;
				GCC_WARN_UNUSED_VARIABLE = YES;
				IPHONEOS_DEPLOYMENT_TARGET = 13.5;
				MTL_ENABLE_DEBUG_INFO = INCLUDE_SOURCE;
				MTL_FAST_MATH = YES;
				ONLY_ACTIVE_ARCH = YES;
				SDKROOT = iphoneos;
				SWIFT_ACTIVE_COMPILATION_CONDITIONS = DEBUG;
				SWIFT_OPTIMIZATION_LEVEL = "-Onone";
			};
			name = Debug;
		};
		371C2C9024898F6700BC04CB /* Release */ = {
			isa = XCBuildConfiguration;
			buildSettings = {
				ALWAYS_SEARCH_USER_PATHS = NO;
				CLANG_ANALYZER_NONNULL = YES;
				CLANG_ANALYZER_NUMBER_OBJECT_CONVERSION = YES_AGGRESSIVE;
				CLANG_CXX_LANGUAGE_STANDARD = "gnu++14";
				CLANG_CXX_LIBRARY = "libc++";
				CLANG_ENABLE_MODULES = YES;
				CLANG_ENABLE_OBJC_ARC = YES;
				CLANG_ENABLE_OBJC_WEAK = YES;
				CLANG_WARN_BLOCK_CAPTURE_AUTORELEASING = YES;
				CLANG_WARN_BOOL_CONVERSION = YES;
				CLANG_WARN_COMMA = YES;
				CLANG_WARN_CONSTANT_CONVERSION = YES;
				CLANG_WARN_DEPRECATED_OBJC_IMPLEMENTATIONS = YES;
				CLANG_WARN_DIRECT_OBJC_ISA_USAGE = YES_ERROR;
				CLANG_WARN_DOCUMENTATION_COMMENTS = YES;
				CLANG_WARN_EMPTY_BODY = YES;
				CLANG_WARN_ENUM_CONVERSION = YES;
				CLANG_WARN_INFINITE_RECURSION = YES;
				CLANG_WARN_INT_CONVERSION = YES;
				CLANG_WARN_NON_LITERAL_NULL_CONVERSION = YES;
				CLANG_WARN_OBJC_IMPLICIT_RETAIN_SELF = YES;
				CLANG_WARN_OBJC_LITERAL_CONVERSION = YES;
				CLANG_WARN_OBJC_ROOT_CLASS = YES_ERROR;
				CLANG_WARN_RANGE_LOOP_ANALYSIS = YES;
				CLANG_WARN_STRICT_PROTOTYPES = YES;
				CLANG_WARN_SUSPICIOUS_MOVE = YES;
				CLANG_WARN_UNGUARDED_AVAILABILITY = YES_AGGRESSIVE;
				CLANG_WARN_UNREACHABLE_CODE = YES;
				CLANG_WARN__DUPLICATE_METHOD_MATCH = YES;
				COPY_PHASE_STRIP = NO;
				DEBUG_INFORMATION_FORMAT = "dwarf-with-dsym";
				ENABLE_NS_ASSERTIONS = NO;
				ENABLE_STRICT_OBJC_MSGSEND = YES;
				GCC_C_LANGUAGE_STANDARD = gnu11;
				GCC_NO_COMMON_BLOCKS = YES;
				GCC_WARN_64_TO_32_BIT_CONVERSION = YES;
				GCC_WARN_ABOUT_RETURN_TYPE = YES_ERROR;
				GCC_WARN_UNDECLARED_SELECTOR = YES;
				GCC_WARN_UNINITIALIZED_AUTOS = YES_AGGRESSIVE;
				GCC_WARN_UNUSED_FUNCTION = YES;
				GCC_WARN_UNUSED_VARIABLE = YES;
				IPHONEOS_DEPLOYMENT_TARGET = 13.5;
				MTL_ENABLE_DEBUG_INFO = NO;
				MTL_FAST_MATH = YES;
				SDKROOT = iphoneos;
				SWIFT_COMPILATION_MODE = wholemodule;
				SWIFT_OPTIMIZATION_LEVEL = "-O";
				VALIDATE_PRODUCT = YES;
			};
			name = Release;
		};
		371C2C9224898F6700BC04CB /* Debug */ = {
			isa = XCBuildConfiguration;
			buildSettings = {
				ASSETCATALOG_COMPILER_APPICON_NAME = AppIcon;
				CODE_SIGN_STYLE = Automatic;
				"FRAMEWORK_SEARCH_PATHS[arch=*]" = "$(SRCROOT)/../shared/build/xcode-frameworks";
				INFOPLIST_FILE = ios/Info.plist;
				LD_RUNPATH_SEARCH_PATHS = (
					"$(inherited)",
					"@executable_path/Frameworks",
				);
				PRODUCT_BUNDLE_IDENTIFIER = app.web.drjackycv.ios;
				PRODUCT_NAME = "$(TARGET_NAME)";
				SWIFT_VERSION = 5.0;
				TARGETED_DEVICE_FAMILY = "1,2";
			};
			name = Debug;
		};
		371C2C9324898F6700BC04CB /* Release */ = {
			isa = XCBuildConfiguration;
			buildSettings = {
				ASSETCATALOG_COMPILER_APPICON_NAME = AppIcon;
				CODE_SIGN_STYLE = Automatic;
				"FRAMEWORK_SEARCH_PATHS[arch=*]" = "$(SRCROOT)/../shared/build/xcode-frameworks";
				INFOPLIST_FILE = ios/Info.plist;
				LD_RUNPATH_SEARCH_PATHS = (
					"$(inherited)",
					"@executable_path/Frameworks",
				);
				PRODUCT_BUNDLE_IDENTIFIER = app.web.drjackycv.ios;
				PRODUCT_NAME = "$(TARGET_NAME)";
				SWIFT_VERSION = 5.0;
				TARGETED_DEVICE_FAMILY = "1,2";
			};
			name = Release;
		};
		371C2C9524898F6700BC04CB /* Debug */ = {
			isa = XCBuildConfiguration;
			buildSettings = {
				ALWAYS_EMBED_SWIFT_STANDARD_LIBRARIES = YES;
				BUNDLE_LOADER = "$(TEST_HOST)";
				CODE_SIGN_STYLE = Automatic;
				INFOPLIST_FILE = iosTests/Info.plist;
				IPHONEOS_DEPLOYMENT_TARGET = 13.5;
				LD_RUNPATH_SEARCH_PATHS = (
					"$(inherited)",
					"@executable_path/Frameworks",
					"@loader_path/Frameworks",
				);
				PRODUCT_BUNDLE_IDENTIFIER = app.web.drjackycv.iosTests;
				PRODUCT_NAME = "$(TARGET_NAME)";
				SWIFT_VERSION = 5.0;
				TARGETED_DEVICE_FAMILY = "1,2";
				TEST_HOST = "$(BUILT_PRODUCTS_DIR)/ios.app/ios";
			};
			name = Debug;
		};
		371C2C9624898F6700BC04CB /* Release */ = {
			isa = XCBuildConfiguration;
			buildSettings = {
				ALWAYS_EMBED_SWIFT_STANDARD_LIBRARIES = YES;
				BUNDLE_LOADER = "$(TEST_HOST)";
				CODE_SIGN_STYLE = Automatic;
				INFOPLIST_FILE = iosTests/Info.plist;
				IPHONEOS_DEPLOYMENT_TARGET = 13.5;
				LD_RUNPATH_SEARCH_PATHS = (
					"$(inherited)",
					"@executable_path/Frameworks",
					"@loader_path/Frameworks",
				);
				PRODUCT_BUNDLE_IDENTIFIER = app.web.drjackycv.iosTests;
				PRODUCT_NAME = "$(TARGET_NAME)";
				SWIFT_VERSION = 5.0;
				TARGETED_DEVICE_FAMILY = "1,2";
				TEST_HOST = "$(BUILT_PRODUCTS_DIR)/ios.app/ios";
			};
			name = Release;
		};
		371C2C9824898F6700BC04CB /* Debug */ = {
			isa = XCBuildConfiguration;
			buildSettings = {
				ALWAYS_EMBED_SWIFT_STANDARD_LIBRARIES = YES;
				CODE_SIGN_STYLE = Automatic;
				INFOPLIST_FILE = iosUITests/Info.plist;
				LD_RUNPATH_SEARCH_PATHS = (
					"$(inherited)",
					"@executable_path/Frameworks",
					"@loader_path/Frameworks",
				);
				PRODUCT_BUNDLE_IDENTIFIER = app.web.drjackycv.iosUITests;
				PRODUCT_NAME = "$(TARGET_NAME)";
				SWIFT_VERSION = 5.0;
				TARGETED_DEVICE_FAMILY = "1,2";
				TEST_TARGET_NAME = ios;
			};
			name = Debug;
		};
		371C2C9924898F6700BC04CB /* Release */ = {
			isa = XCBuildConfiguration;
			buildSettings = {
				ALWAYS_EMBED_SWIFT_STANDARD_LIBRARIES = YES;
				CODE_SIGN_STYLE = Automatic;
				INFOPLIST_FILE = iosUITests/Info.plist;
				LD_RUNPATH_SEARCH_PATHS = (
					"$(inherited)",
					"@executable_path/Frameworks",
					"@loader_path/Frameworks",
				);
				PRODUCT_BUNDLE_IDENTIFIER = app.web.drjackycv.iosUITests;
				PRODUCT_NAME = "$(TARGET_NAME)";
				SWIFT_VERSION = 5.0;
				TARGETED_DEVICE_FAMILY = "1,2";
				TEST_TARGET_NAME = ios;
			};
			name = Release;
		};
/* End XCBuildConfiguration section */

/* Begin XCConfigurationList section */
		371C2C6224898F6500BC04CB /* Build configuration list for PBXProject "ios" */ = {
			isa = XCConfigurationList;
			buildConfigurations = (
				371C2C8F24898F6700BC04CB /* Debug */,
				371C2C9024898F6700BC04CB /* Release */,
			);
			defaultConfigurationIsVisible = 0;
			defaultConfigurationName = Release;
		};
		371C2C9124898F6700BC04CB /* Build configuration list for PBXNativeTarget "ios" */ = {
			isa = XCConfigurationList;
			buildConfigurations = (
				371C2C9224898F6700BC04CB /* Debug */,
				371C2C9324898F6700BC04CB /* Release */,
			);
			defaultConfigurationIsVisible = 0;
			defaultConfigurationName = Release;
		};
		371C2C9424898F6700BC04CB /* Build configuration list for PBXNativeTarget "iosTests" */ = {
			isa = XCConfigurationList;
			buildConfigurations = (
				371C2C9524898F6700BC04CB /* Debug */,
				371C2C9624898F6700BC04CB /* Release */,
			);
			defaultConfigurationIsVisible = 0;
			defaultConfigurationName = Release;
		};
		371C2C9724898F6700BC04CB /* Build configuration list for PBXNativeTarget "iosUITests" */ = {
			isa = XCConfigurationList;
			buildConfigurations = (
				371C2C9824898F6700BC04CB /* Debug */,
				371C2C9924898F6700BC04CB /* Release */,
			);
			defaultConfigurationIsVisible = 0;
			defaultConfigurationName = Release;
		};
/* End XCConfigurationList section */

/* Begin XCRemoteSwiftPackageReference section */
		37EC695324CEF684005AFB10 /* XCRemoteSwiftPackageReference "Nuke" */ = {
			isa = XCRemoteSwiftPackageReference;
			repositoryURL = "https://github.com/kean/Nuke.git";
			requirement = {
				branch = master;
				kind = branch;
			};
		};
/* End XCRemoteSwiftPackageReference section */

/* Begin XCSwiftPackageProductDependency section */
		37EC695424CEF684005AFB10 /* Nuke */ = {
			isa = XCSwiftPackageProductDependency;
			package = 37EC695324CEF684005AFB10 /* XCRemoteSwiftPackageReference "Nuke" */;
			productName = Nuke;
		};
/* End XCSwiftPackageProductDependency section */
	};
	rootObject = 371C2C5F24898F6500BC04CB /* Project object */;
}
