{
  "object": {
    "pins": [
      {
        "package": "Nuke",
        "repositoryURL": "https://github.com/kean/Nuke.git",
        "state": {
          "branch": "master",
          "revision": "5558b60564bc25887b4ac1e7189442e8740521ce",
          "version": null
        }
      }
    ]
  },
  "version": 1
}
